
Microsoft Visual Studio Solution File, Format Version 12.00
# Visual Studio Version 16
VisualStudioVersion = 16.0.31005.135
MinimumVisualStudioVersion = 10.0.40219.1
Project("{FAE04EC0-301F-11D3-BF4B-00C04F79EFBC}") = "Lab_2", "Lab_2\Lab_2.csproj", "{697CF65A-AD35-4FA7-B19E-18FA38C40390}"
EndProject
Global
	GlobalSection(SolutionConfigurationPlatforms) = preSolution
		Debug|Any CPU = Debug|Any CPU
		Release|Any CPU = Release|Any CPU
	EndGlobalSection
	GlobalSection(ProjectConfigurationPlatforms) = postSolution
		{697CF65A-AD35-4FA7-B19E-18FA38C40390}.Debug|Any CPU.ActiveCfg = Debug|Any CPU
		{697CF65A-AD35-4FA7-B19E-18FA38C40390}.Debug|Any CPU.Build.0 = Debug|Any CPU
		{697CF65A-AD35-4FA7-B19E-18FA38C40390}.Release|Any CPU.ActiveCfg = Release|Any CPU
		{697CF65A-AD35-4FA7-B19E-18FA38C40390}.Release|Any CPU.Build.0 = Release|Any CPU
	EndGlobalSection
	GlobalSection(SolutionProperties) = preSolution
		HideSolutionNode = FALSE
	EndGlobalSection
	GlobalSection(ExtensibilityGlobals) = postSolution
		SolutionGuid = {92D0F4FD-5355-4120-B753-6062A0164917}
	EndGlobalSection
EndGlobal
